
Microsoft Visual Studio Solution File, Format Version 12.00
# Visual Studio Version 17
VisualStudioVersion = 17.4.33205.214
MinimumVisualStudioVersion = 10.0.40219.1
Project("{8BC9CEB8-8B4A-11D0-8D11-00A0C91BC942}") = "LuxembourgViewer", "LuxembourgViewer\LuxembourgViewer.vcxproj", "{967878A8-87B1-4002-B21E-AC3F83E37CEE}"
EndProject
Global
	GlobalSection(SolutionConfigurationPlatforms) = preSolution
		Debug|x64 = Debug|x64
		Release|x64 = Release|x64
	EndGlobalSection
	GlobalSection(ProjectConfigurationPlatforms) = postSolution
		{967878A8-87B1-4002-B21E-AC3F83E37CEE}.Debug|x64.ActiveCfg = Debug|x64
		{967878A8-87B1-4002-B21E-AC3F83E37CEE}.Debug|x64.Build.0 = Debug|x64
		{967878A8-87B1-4002-B21E-AC3F83E37CEE}.Release|x64.ActiveCfg = Release|x64
		{967878A8-87B1-4002-B21E-AC3F83E37CEE}.Release|x64.Build.0 = Release|x64
	EndGlobalSection
	GlobalSection(SolutionProperties) = preSolution
		HideSolutionNode = FALSE
	EndGlobalSection
	GlobalSection(ExtensibilityGlobals) = postSolution
		SolutionGuid = {1FCA014A-9F28-4CD0-99B0-C0BCB204DEC8}
	EndGlobalSection
EndGlobal
